<Solution>
  <Project Path="../Phan1_bai2_14_03/Phan1_bai2_14_03.csproj" />
  <Project Path="../Phan1_bai3_14_03/Phan1_bai3_14_03.csproj" />
  <Project Path="../Phan1_bai4_14_3/Phan1_bai4_14_3.csproj" />
  <Project Path="../Phan1_bai5_14_03/Phan1_bai5_14_03.csproj" />
  <Project Path="../Phan1_bai6_14_03/Phan1_bai6_14_03.csproj" />
  <Project Path="../Phan1_bai7_14_03/Phan1_bai7_14_03.csproj" />
  <Project Path="../Phan2_bai10_14_03/Phan2_bai10_14_03.csproj" />
  <Project Path="../Phan2_bai11_14_03/Phan2_bai11_14_03.csproj" />
  <Project Path="../Phan2_bai12_14_03/Phan2_bai12_14_03.csproj" />
  <Project Path="../Phan2_bai13_14_03/Phan2_bai13_14_03.csproj" />
  <Project Path="../Phan2_bai14_14_03/Phan2_bai14_14_03.csproj" />
  <Project Path="../Phan2_bai8_14_03/Phan2_bai8_14_03.csproj" />
  <Project Path="../Phan2_bai9_14_03/Phan2_bai9_14_03.csproj" />
  <Project Path="../Phan3_bai15_14_03/Phan3_bai15_14_03.csproj" />
  <Project Path="../Phan3_bai16_14_03/Phan3_bai16_14_03.csproj" />
  <Project Path="../Phan3_bai17_14_03/Phan3_bai17_14_03.csproj" />
  <Project Path="../Phan3_bai18_14_03/Phan3_bai18_14_03.csproj" />
  <Project Path="../Phan3_bai19_14_03/Phan3_bai19_14_03.csproj" />
  <Project Path="../Phan3_bai20_14_03/Phan3_bai20_14_03.csproj" />
  <Project Path="../Phan3_bai21_14_03/Phan3_bai21_14_03.csproj" />
  <Project Path="Phan1_bai1_14_03.csproj" />
</Solution>
